# generated by rye
# use `rye lock` or `rye sync` to update this lockfile
#
# last locked with the following flags:
#   pre: false
#   features: []
#   all-features: false
#   with-sources: false

aiosqlite==0.20.0
alembic==1.13.3
annotated-types==0.7.0
    # via pydantic
anyio==4.6.0
    # via httpx
    # via starlette
    # via watchfiles
bcrypt==4.2.0
    # via passlib
certifi==2024.8.30
    # via httpcore
    # via httpx
cfgv==3.4.0
    # via pre-commit
click==8.1.7
    # via uvicorn
distlib==0.3.8
    # via virtualenv
ecdsa==0.19.0
    # via python-jose
exceptiongroup==1.2.2
    # via anyio
    # via pytest
fastapi==0.115.0
    # via fastapi-login
fastapi-login==1.10.2
filelock==3.16.1
    # via virtualenv
greenlet==3.1.1
h11==0.14.0
    # via httpcore
    # via uvicorn
httpcore==1.0.5
    # via httpx
httptools==0.6.1
    # via uvicorn
httpx==0.27.2
identify==2.6.1
    # via pre-commit
idna==3.10
    # via anyio
    # via httpx
iniconfig==2.0.0
    # via pytest
mako==1.3.5
    # via alembic
markupsafe==2.1.5
    # via mako
nodeenv==1.9.1
    # via pre-commit
packaging==24.1
    # via pytest
passlib==1.7.4
platformdirs==4.3.6
    # via virtualenv
pluggy==1.5.0
    # via pytest
pre-commit==3.8.0
pyasn1==0.6.1
    # via python-jose
    # via rsa
pydantic==2.9.2
    # via fastapi
    # via pydantic-settings
pydantic-core==2.23.4
    # via pydantic
pydantic-settings==2.5.2
pyjwt==2.9.0
    # via fastapi-login
pytest==8.3.3
python-dotenv==1.0.1
    # via pydantic-settings
    # via uvicorn
python-jose==3.3.0
pyyaml==6.0.2
    # via pre-commit
    # via uvicorn
rsa==4.9
    # via python-jose
six==1.16.0
    # via ecdsa
sniffio==1.3.1
    # via anyio
    # via httpx
sqlalchemy==2.0.35
    # via alembic
starlette==0.38.6
    # via fastapi
tomli==2.0.1
    # via pytest
typing-extensions==4.12.2
    # via aiosqlite
    # via alembic
    # via anyio
    # via fastapi
    # via fastapi-login
    # via pydantic
    # via pydantic-core
    # via sqlalchemy
    # via uvicorn
uvicorn==0.30.6
uvloop==0.20.0
    # via uvicorn
virtualenv==20.26.5
    # via pre-commit
watchfiles==0.24.0
    # via uvicorn
websockets==13.1
    # via uvicorn
